
Microsoft Visual Studio Solution File, Format Version 12.00
# Visual Studio Version 16
VisualStudioVersion = 16.0.31205.134
MinimumVisualStudioVersion = 10.0.40219.1
Project("{9A19103F-16F7-4668-BE54-9A1E7A4F7556}") = "RoadStatus", "RoadStatus\RoadStatus.csproj", "{C33BEE47-1DE7-4049-927A-B1B3063363F9}"
EndProject
Project("{FAE04EC0-301F-11D3-BF4B-00C04F79EFBC}") = "RoadService.Tests", "RoadService.Tests\RoadService.Tests.csproj", "{7C630502-AB97-46A3-B246-73A15C32D5B0}"
EndProject
Global
	GlobalSection(SolutionConfigurationPlatforms) = preSolution
		Debug|Any CPU = Debug|Any CPU
		Release|Any CPU = Release|Any CPU
	EndGlobalSection
	GlobalSection(ProjectConfigurationPlatforms) = postSolution
		{C33BEE47-1DE7-4049-927A-B1B3063363F9}.Debug|Any CPU.ActiveCfg = Debug|Any CPU
		{C33BEE47-1DE7-4049-927A-B1B3063363F9}.Debug|Any CPU.Build.0 = Debug|Any CPU
		{C33BEE47-1DE7-4049-927A-B1B3063363F9}.Release|Any CPU.ActiveCfg = Release|Any CPU
		{C33BEE47-1DE7-4049-927A-B1B3063363F9}.Release|Any CPU.Build.0 = Release|Any CPU
		{7C630502-AB97-46A3-B246-73A15C32D5B0}.Debug|Any CPU.ActiveCfg = Debug|Any CPU
		{7C630502-AB97-46A3-B246-73A15C32D5B0}.Debug|Any CPU.Build.0 = Debug|Any CPU
		{7C630502-AB97-46A3-B246-73A15C32D5B0}.Release|Any CPU.ActiveCfg = Release|Any CPU
		{7C630502-AB97-46A3-B246-73A15C32D5B0}.Release|Any CPU.Build.0 = Release|Any CPU
	EndGlobalSection
	GlobalSection(SolutionProperties) = preSolution
		HideSolutionNode = FALSE
	EndGlobalSection
	GlobalSection(ExtensibilityGlobals) = postSolution
		SolutionGuid = {4AB75170-9EFF-41F4-82E8-60293805EC97}
	EndGlobalSection
EndGlobal
